
Microsoft Visual Studio Solution File, Format Version 12.00
# Visual Studio Version 16
VisualStudioVersion = 16.0.30104.148
MinimumVisualStudioVersion = 10.0.40219.1
Project("{FAE04EC0-301F-11D3-BF4B-00C04F79EFBC}") = "Respository", "Respository\Respository.csproj", "{40C9E303-4CD1-4B6F-9AE6-FBEF4C5C14BD}"
EndProject
Global
	GlobalSection(SolutionConfigurationPlatforms) = preSolution
		Debug|Any CPU = Debug|Any CPU
		Release|Any CPU = Release|Any CPU
	EndGlobalSection
	GlobalSection(ProjectConfigurationPlatforms) = postSolution
		{40C9E303-4CD1-4B6F-9AE6-FBEF4C5C14BD}.Debug|Any CPU.ActiveCfg = Debug|Any CPU
		{40C9E303-4CD1-4B6F-9AE6-FBEF4C5C14BD}.Debug|Any CPU.Build.0 = Debug|Any CPU
		{40C9E303-4CD1-4B6F-9AE6-FBEF4C5C14BD}.Release|Any CPU.ActiveCfg = Release|Any CPU
		{40C9E303-4CD1-4B6F-9AE6-FBEF4C5C14BD}.Release|Any CPU.Build.0 = Release|Any CPU
	EndGlobalSection
	GlobalSection(SolutionProperties) = preSolution
		HideSolutionNode = FALSE
	EndGlobalSection
	GlobalSection(ExtensibilityGlobals) = postSolution
		SolutionGuid = {E5B5406F-7910-4FDF-A754-FA9DEAC8506D}
	EndGlobalSection
EndGlobal
